
Microsoft Visual Studio Solution File, Format Version 12.00
# Visual Studio Version 16
VisualStudioVersion = 16.0.28803.352
MinimumVisualStudioVersion = 10.0.40219.1
Project("{8BC9CEB8-8B4A-11D0-8D11-00A0C91BC942}") = "Random_numbers", "Random_numbers.vcxproj", "{4161B213-9443-41B8-A1DB-5335452D24EB}"
EndProject
Global
	GlobalSection(SolutionConfigurationPlatforms) = preSolution
		Debug|x64 = Debug|x64
		Debug|x86 = Debug|x86
		Release|x64 = Release|x64
		Release|x86 = Release|x86
	EndGlobalSection
	GlobalSection(ProjectConfigurationPlatforms) = postSolution
		{4161B213-9443-41B8-A1DB-5335452D24EB}.Debug|x64.ActiveCfg = Debug|x64
		{4161B213-9443-41B8-A1DB-5335452D24EB}.Debug|x64.Build.0 = Debug|x64
		{4161B213-9443-41B8-A1DB-5335452D24EB}.Debug|x86.ActiveCfg = Debug|Win32
		{4161B213-9443-41B8-A1DB-5335452D24EB}.Debug|x86.Build.0 = Debug|Win32
		{4161B213-9443-41B8-A1DB-5335452D24EB}.Release|x64.ActiveCfg = Release|x64
		{4161B213-9443-41B8-A1DB-5335452D24EB}.Release|x64.Build.0 = Release|x64
		{4161B213-9443-41B8-A1DB-5335452D24EB}.Release|x86.ActiveCfg = Release|Win32
		{4161B213-9443-41B8-A1DB-5335452D24EB}.Release|x86.Build.0 = Release|Win32
	EndGlobalSection
	GlobalSection(SolutionProperties) = preSolution
		HideSolutionNode = FALSE
	EndGlobalSection
	GlobalSection(ExtensibilityGlobals) = postSolution
		SolutionGuid = {A8366B0E-F23B-424D-9E65-AA38C2AB6A02}
	EndGlobalSection
EndGlobal
